
Microsoft Visual Studio Solution File, Format Version 12.00
# Visual Studio Version 17
VisualStudioVersion = 17.12.35527.113
MinimumVisualStudioVersion = 10.0.40219.1
Project("{2150E333-8FDC-42A3-9474-1A3956D46DE8}") = "Services", "Services", "{F950DF9B-C64E-403E-90E5-5C351F3DBE15}"
EndProject
Project("{2150E333-8FDC-42A3-9474-1A3956D46DE8}") = "Catalog", "Catalog", "{DF046383-A946-412C-9EDA-63A3B0E5DBB9}"
EndProject
Project("{FAE04EC0-301F-11D3-BF4B-00C04F79EFBC}") = "Catalog.API", "Services\Catalog\Catalog.API\Catalog.API.csproj", "{127EF2B5-5ACA-4748-BFA4-446F602E7125}"
EndProject
Project("{2150E333-8FDC-42A3-9474-1A3956D46DE8}") = "Pictures", "Pictures", "{FFBBAB11-D039-4E25-862D-66ACA2A98B60}"
EndProject
Project("{2150E333-8FDC-42A3-9474-1A3956D46DE8}") = "BuildingBlocks", "BuildingBlocks", "{15321FB8-3DE5-4B9E-9F30-505C4BF1D0DE}"
EndProject
Project("{FAE04EC0-301F-11D3-BF4B-00C04F79EFBC}") = "BuildingBlocks", "BuildingBlocks\BuildingBlocks\BuildingBlocks.csproj", "{00F31685-AABF-4B16-9ABD-BFD2DFD6CDAA}"
EndProject
Project("{E53339B2-1760-4266-BCC7-CA923CBCF16C}") = "docker-compose", "docker-compose.dcproj", "{BF95D57D-6330-458D-88DA-A70FD7FFC0BD}"
EndProject
Project("{2150E333-8FDC-42A3-9474-1A3956D46DE8}") = "Basket", "Basket", "{171C3E80-63E2-486C-9E89-6A5FBEBCA93F}"
EndProject
Project("{FAE04EC0-301F-11D3-BF4B-00C04F79EFBC}") = "Basket.API", "Services\Basket\Basket.API\Basket.API.csproj", "{4AADD0A9-F6C1-4536-BB18-05E1D75907D9}"
EndProject
Project("{2150E333-8FDC-42A3-9474-1A3956D46DE8}") = "Discount", "Discount", "{53033FDE-EBF1-438C-9A2C-073435AA75E0}"
EndProject
Project("{FAE04EC0-301F-11D3-BF4B-00C04F79EFBC}") = "Discount.Grpc", "Services\Discount\Discount.Grpc\Discount.Grpc.csproj", "{8B959031-97E9-4F55-B4F0-E0CD9ACC8102}"
EndProject
Global
	GlobalSection(SolutionConfigurationPlatforms) = preSolution
		Debug|Any CPU = Debug|Any CPU
		Release|Any CPU = Release|Any CPU
	EndGlobalSection
	GlobalSection(ProjectConfigurationPlatforms) = postSolution
		{127EF2B5-5ACA-4748-BFA4-446F602E7125}.Debug|Any CPU.ActiveCfg = Debug|Any CPU
		{127EF2B5-5ACA-4748-BFA4-446F602E7125}.Debug|Any CPU.Build.0 = Debug|Any CPU
		{127EF2B5-5ACA-4748-BFA4-446F602E7125}.Release|Any CPU.ActiveCfg = Release|Any CPU
		{127EF2B5-5ACA-4748-BFA4-446F602E7125}.Release|Any CPU.Build.0 = Release|Any CPU
		{00F31685-AABF-4B16-9ABD-BFD2DFD6CDAA}.Debug|Any CPU.ActiveCfg = Debug|Any CPU
		{00F31685-AABF-4B16-9ABD-BFD2DFD6CDAA}.Debug|Any CPU.Build.0 = Debug|Any CPU
		{00F31685-AABF-4B16-9ABD-BFD2DFD6CDAA}.Release|Any CPU.ActiveCfg = Release|Any CPU
		{00F31685-AABF-4B16-9ABD-BFD2DFD6CDAA}.Release|Any CPU.Build.0 = Release|Any CPU
		{BF95D57D-6330-458D-88DA-A70FD7FFC0BD}.Debug|Any CPU.ActiveCfg = Debug|Any CPU
		{BF95D57D-6330-458D-88DA-A70FD7FFC0BD}.Debug|Any CPU.Build.0 = Debug|Any CPU
		{BF95D57D-6330-458D-88DA-A70FD7FFC0BD}.Release|Any CPU.ActiveCfg = Release|Any CPU
		{BF95D57D-6330-458D-88DA-A70FD7FFC0BD}.Release|Any CPU.Build.0 = Release|Any CPU
		{4AADD0A9-F6C1-4536-BB18-05E1D75907D9}.Debug|Any CPU.ActiveCfg = Debug|Any CPU
		{4AADD0A9-F6C1-4536-BB18-05E1D75907D9}.Debug|Any CPU.Build.0 = Debug|Any CPU
		{4AADD0A9-F6C1-4536-BB18-05E1D75907D9}.Release|Any CPU.ActiveCfg = Release|Any CPU
		{4AADD0A9-F6C1-4536-BB18-05E1D75907D9}.Release|Any CPU.Build.0 = Release|Any CPU
		{8B959031-97E9-4F55-B4F0-E0CD9ACC8102}.Debug|Any CPU.ActiveCfg = Debug|Any CPU
		{8B959031-97E9-4F55-B4F0-E0CD9ACC8102}.Debug|Any CPU.Build.0 = Debug|Any CPU
		{8B959031-97E9-4F55-B4F0-E0CD9ACC8102}.Release|Any CPU.ActiveCfg = Release|Any CPU
		{8B959031-97E9-4F55-B4F0-E0CD9ACC8102}.Release|Any CPU.Build.0 = Release|Any CPU
	EndGlobalSection
	GlobalSection(SolutionProperties) = preSolution
		HideSolutionNode = FALSE
	EndGlobalSection
	GlobalSection(NestedProjects) = preSolution
		{DF046383-A946-412C-9EDA-63A3B0E5DBB9} = {F950DF9B-C64E-403E-90E5-5C351F3DBE15}
		{127EF2B5-5ACA-4748-BFA4-446F602E7125} = {DF046383-A946-412C-9EDA-63A3B0E5DBB9}
		{00F31685-AABF-4B16-9ABD-BFD2DFD6CDAA} = {15321FB8-3DE5-4B9E-9F30-505C4BF1D0DE}
		{171C3E80-63E2-486C-9E89-6A5FBEBCA93F} = {F950DF9B-C64E-403E-90E5-5C351F3DBE15}
		{4AADD0A9-F6C1-4536-BB18-05E1D75907D9} = {171C3E80-63E2-486C-9E89-6A5FBEBCA93F}
		{53033FDE-EBF1-438C-9A2C-073435AA75E0} = {F950DF9B-C64E-403E-90E5-5C351F3DBE15}
		{8B959031-97E9-4F55-B4F0-E0CD9ACC8102} = {53033FDE-EBF1-438C-9A2C-073435AA75E0}
	EndGlobalSection
EndGlobal
